
Microsoft Visual Studio Solution File, Format Version 12.00
# Visual Studio Version 17
VisualStudioVersion = 17.9.34622.214
MinimumVisualStudioVersion = 10.0.40219.1
Project("{2150E333-8FDC-42A3-9474-1A3956D46DE8}") = "Itens de Solução", "Itens de Solução", "{68CEC01C-51DA-4298-94F5-96F2CCAA033B}"
	ProjectSection(SolutionItems) = preProject
		.editorconfig = .editorconfig
		.gitattributes = .gitattributes
		.gitignore = .gitignore
		LICENSE.txt = LICENSE.txt
		.github\workflows\publish-package.yml = .github\workflows\publish-package.yml
		README.md = README.md
	EndProjectSection
EndProject
Project("{9A19103F-16F7-4668-BE54-9A1E7A4F7556}") = "AutoRelease", "src\AutoRelease\AutoRelease.csproj", "{9072CFA3-A0BA-4260-9602-F13AED5D0836}"
EndProject
Global
	GlobalSection(SolutionConfigurationPlatforms) = preSolution
		Debug|Any CPU = Debug|Any CPU
		Release|Any CPU = Release|Any CPU
	EndGlobalSection
	GlobalSection(ProjectConfigurationPlatforms) = postSolution
		{9072CFA3-A0BA-4260-9602-F13AED5D0836}.Debug|Any CPU.ActiveCfg = Debug|Any CPU
		{9072CFA3-A0BA-4260-9602-F13AED5D0836}.Debug|Any CPU.Build.0 = Debug|Any CPU
		{9072CFA3-A0BA-4260-9602-F13AED5D0836}.Release|Any CPU.ActiveCfg = Release|Any CPU
		{9072CFA3-A0BA-4260-9602-F13AED5D0836}.Release|Any CPU.Build.0 = Release|Any CPU
	EndGlobalSection
	GlobalSection(SolutionProperties) = preSolution
		HideSolutionNode = FALSE
	EndGlobalSection
	GlobalSection(ExtensibilityGlobals) = postSolution
		SolutionGuid = {E695B6BD-2A9F-4118-9B91-8F7C7C384E30}
	EndGlobalSection
EndGlobal
